// !$*UTF8*$!
{
	archiveVersion = 1;
	classes = {
	};
	objectVersion = 77;
	objects = {

/* Begin PBXContainerItemProxy section */
		EF8C97F62E8A9AC00047D71C /* PBXContainerItemProxy */ = {
			isa = PBXContainerItemProxy;
			containerPortal = EF8C97E02E8A9ABD0047D71C /* Project object */;
			proxyType = 1;
			remoteGlobalIDString = EF8C97E72E8A9ABD0047D71C;
			remoteInfo = "checkers-with-ai";
		};
		EF8C98002E8A9AC00047D71C /* PBXContainerItemProxy */ = {
			isa = PBXContainerItemProxy;
			containerPortal = EF8C97E02E8A9ABD0047D71C /* Project object */;
			proxyType = 1;
			remoteGlobalIDString = EF8C97E72E8A9ABD0047D71C;
			remoteInfo = "checkers-with-ai";
		};
/* End PBXContainerItemProxy section */

/* Begin PBXFileReference section */
		EF8C97E82E8A9ABD0047D71C /* checkers-with-ai.app */ = {isa = PBXFileReference; explicitFileType = wrapper.application; includeInIndex = 0; path = "checkers-with-ai.app"; sourceTree = BUILT_PRODUCTS_DIR; };
		EF8C97F52E8A9AC00047D71C /* checkers-with-aiTests.xctest */ = {isa = PBXFileReference; explicitFileType = wrapper.cfbundle; includeInIndex = 0; path = "checkers-with-aiTests.xctest"; sourceTree = BUILT_PRODUCTS_DIR; };
		EF8C97FF2E8A9AC00047D71C /* checkers-with-aiUITests.xctest */ = {isa = PBXFileReference; explicitFileType = wrapper.cfbundle; includeInIndex = 0; path = "checkers-with-aiUITests.xctest"; sourceTree = BUILT_PRODUCTS_DIR; };
/* End PBXFileReference section */

/* Begin PBXFileSystemSynchronizedRootGroup section */
		EF8C97EA2E8A9ABD0047D71C /* checkers-with-ai */ = {
			isa = PBXFileSystemSynchronizedRootGroup;
			path = "checkers-with-ai";
			sourceTree = "<group>";
		};
		EF8C97F82E8A9AC00047D71C /* checkers-with-aiTests */ = {
			isa = PBXFileSystemSynchronizedRootGroup;
			path = "checkers-with-aiTests";
			sourceTree = "<group>";
		};
		EF8C98022E8A9AC00047D71C /* checkers-with-aiUITests */ = {
			isa = PBXFileSystemSynchronizedRootGroup;
			path = "checkers-with-aiUITests";
			sourceTree = "<group>";
		};
/* End PBXFileSystemSynchronizedRootGroup section */

/* Begin PBXFrameworksBuildPhase section */
		EF8C97E52E8A9ABD0047D71C /* Frameworks */ = {
			isa = PBXFrameworksBuildPhase;
			buildActionMask = 2147483647;
			files = (
			);
			runOnlyForDeploymentPostprocessing = 0;
		};
		EF8C97F22E8A9AC00047D71C /* Frameworks */ = {
			isa = PBXFrameworksBuildPhase;
			buildActionMask = 2147483647;
			files = (
			);
			runOnlyForDeploymentPostprocessing = 0;
		};
		EF8C97FC2E8A9AC00047D71C /* Frameworks */ = {
			isa = PBXFrameworksBuildPhase;
			buildActionMask = 2147483647;
			files = (
			);
			runOnlyForDeploymentPostprocessing = 0;
		};
/* End PBXFrameworksBuildPhase section */

/* Begin PBXGroup section */
		EF8C97DF2E8A9ABD0047D71C = {
			isa = PBXGroup;
			children = (
				EF8C97EA2E8A9ABD0047D71C /* checkers-with-ai */,
				EF8C97F82E8A9AC00047D71C /* checkers-with-aiTests */,
				EF8C98022E8A9AC00047D71C /* checkers-with-aiUITests */,
				EF8C97E92E8A9ABD0047D71C /* Products */,
			);
			sourceTree = "<group>";
		};
		EF8C97E92E8A9ABD0047D71C /* Products */ = {
			isa = PBXGroup;
			children = (
				EF8C97E82E8A9ABD0047D71C /* checkers-with-ai.app */,
				EF8C97F52E8A9AC00047D71C /* checkers-with-aiTests.xctest */,
				EF8C97FF2E8A9AC00047D71C /* checkers-with-aiUITests.xctest */,
			);
			name = Products;
			sourceTree = "<group>";
		};
/* End PBXGroup section */

/* Begin PBXNativeTarget section */
		EF8C97E72E8A9ABD0047D71C /* checkers-with-ai */ = {
			isa = PBXNativeTarget;
			buildConfigurationList = EF8C98092E8A9AC00047D71C /* Build configuration list for PBXNativeTarget "checkers-with-ai" */;
			buildPhases = (
				EF8C97E42E8A9ABD0047D71C /* Sources */,
				EF8C97E52E8A9ABD0047D71C /* Frameworks */,
				EF8C97E62E8A9ABD0047D71C /* Resources */,
			);
			buildRules = (
			);
			dependencies = (
			);
			fileSystemSynchronizedGroups = (
				EF8C97EA2E8A9ABD0047D71C /* checkers-with-ai */,
			);
			name = "checkers-with-ai";
			packageProductDependencies = (
			);
			productName = "checkers-with-ai";
			productReference = EF8C97E82E8A9ABD0047D71C /* checkers-with-ai.app */;
			productType = "com.apple.product-type.application";
		};
		EF8C97F42E8A9AC00047D71C /* checkers-with-aiTests */ = {
			isa = PBXNativeTarget;
			buildConfigurationList = EF8C980C2E8A9AC00047D71C /* Build configuration list for PBXNativeTarget "checkers-with-aiTests" */;
			buildPhases = (
				EF8C97F12E8A9AC00047D71C /* Sources */,
				EF8C97F22E8A9AC00047D71C /* Frameworks */,
				EF8C97F32E8A9AC00047D71C /* Resources */,
			);
			buildRules = (
			);
			dependencies = (
				EF8C97F72E8A9AC00047D71C /* PBXTargetDependency */,
			);
			fileSystemSynchronizedGroups = (
				EF8C97F82E8A9AC00047D71C /* checkers-with-aiTests */,
			);
			name = "checkers-with-aiTests";
			packageProductDependencies = (
			);
			productName = "checkers-with-aiTests";
			productReference = EF8C97F52E8A9AC00047D71C /* checkers-with-aiTests.xctest */;
			productType = "com.apple.product-type.bundle.unit-test";
		};
		EF8C97FE2E8A9AC00047D71C /* checkers-with-aiUITests */ = {
			isa = PBXNativeTarget;
			buildConfigurationList = EF8C980F2E8A9AC00047D71C /* Build configuration list for PBXNativeTarget "checkers-with-aiUITests" */;
			buildPhases = (
				EF8C97FB2E8A9AC00047D71C /* Sources */,
				EF8C97FC2E8A9AC00047D71C /* Frameworks */,
				EF8C97FD2E8A9AC00047D71C /* Resources */,
			);
			buildRules = (
			);
			dependencies = (
				EF8C98012E8A9AC00047D71C /* PBXTargetDependency */,
			);
			fileSystemSynchronizedGroups = (
				EF8C98022E8A9AC00047D71C /* checkers-with-aiUITests */,
			);
			name = "checkers-with-aiUITests";
			packageProductDependencies = (
			);
			productName = "checkers-with-aiUITests";
			productReference = EF8C97FF2E8A9AC00047D71C /* checkers-with-aiUITests.xctest */;
			productType = "com.apple.product-type.bundle.ui-testing";
		};
/* End PBXNativeTarget section */

/* Begin PBXProject section */
		EF8C97E02E8A9ABD0047D71C /* Project object */ = {
			isa = PBXProject;
			attributes = {
				BuildIndependentTargetsInParallel = 1;
				LastSwiftUpdateCheck = 1640;
				LastUpgradeCheck = 1640;
				TargetAttributes = {
					EF8C97E72E8A9ABD0047D71C = {
						CreatedOnToolsVersion = 16.4;
					};
					EF8C97F42E8A9AC00047D71C = {
						CreatedOnToolsVersion = 16.4;
						TestTargetID = EF8C97E72E8A9ABD0047D71C;
					};
					EF8C97FE2E8A9AC00047D71C = {
						CreatedOnToolsVersion = 16.4;
						TestTargetID = EF8C97E72E8A9ABD0047D71C;
					};
				};
			};
			buildConfigurationList = EF8C97E32E8A9ABD0047D71C /* Build configuration list for PBXProject "checkers-with-ai" */;
			developmentRegion = en;
			hasScannedForEncodings = 0;
			knownRegions = (
				en,
				Base,
			);
			mainGroup = EF8C97DF2E8A9ABD0047D71C;
			minimizedProjectReferenceProxies = 1;
			preferredProjectObjectVersion = 77;
			productRefGroup = EF8C97E92E8A9ABD0047D71C /* Products */;
			projectDirPath = "";
			projectRoot = "";
			targets = (
				EF8C97E72E8A9ABD0047D71C /* checkers-with-ai */,
				EF8C97F42E8A9AC00047D71C /* checkers-with-aiTests */,
				EF8C97FE2E8A9AC00047D71C /* checkers-with-aiUITests */,
			);
		};
/* End PBXProject section */

/* Begin PBXResourcesBuildPhase section */
		EF8C97E62E8A9ABD0047D71C /* Resources */ = {
			isa = PBXResourcesBuildPhase;
			buildActionMask = 2147483647;
			files = (
			);
			runOnlyForDeploymentPostprocessing = 0;
		};
		EF8C97F32E8A9AC00047D71C /* Resources */ = {
			isa = PBXResourcesBuildPhase;
			buildActionMask = 2147483647;
			files = (
			);
			runOnlyForDeploymentPostprocessing = 0;
		};
		EF8C97FD2E8A9AC00047D71C /* Resources */ = {
			isa = PBXResourcesBuildPhase;
			buildActionMask = 2147483647;
			files = (
			);
			runOnlyForDeploymentPostprocessing = 0;
		};
/* End PBXResourcesBuildPhase section */

/* Begin PBXSourcesBuildPhase section */
		EF8C97E42E8A9ABD0047D71C /* Sources */ = {
			isa = PBXSourcesBuildPhase;
			buildActionMask = 2147483647;
			files = (
			);
			runOnlyForDeploymentPostprocessing = 0;
		};
		EF8C97F12E8A9AC00047D71C /* Sources */ = {
			isa = PBXSourcesBuildPhase;
			buildActionMask = 2147483647;
			files = (
			);
			runOnlyForDeploymentPostprocessing = 0;
		};
		EF8C97FB2E8A9AC00047D71C /* Sources */ = {
			isa = PBXSourcesBuildPhase;
			buildActionMask = 2147483647;
			files = (
			);
			runOnlyForDeploymentPostprocessing = 0;
		};
/* End PBXSourcesBuildPhase section */

/* Begin PBXTargetDependency section */
		EF8C97F72E8A9AC00047D71C /* PBXTargetDependency */ = {
			isa = PBXTargetDependency;
			target = EF8C97E72E8A9ABD0047D71C /* checkers-with-ai */;
			targetProxy = EF8C97F62E8A9AC00047D71C /* PBXContainerItemProxy */;
		};
		EF8C98012E8A9AC00047D71C /* PBXTargetDependency */ = {
			isa = PBXTargetDependency;
			target = EF8C97E72E8A9ABD0047D71C /* checkers-with-ai */;
			targetProxy = EF8C98002E8A9AC00047D71C /* PBXContainerItemProxy */;
		};
/* End PBXTargetDependency section */

/* Begin XCBuildConfiguration section */
		EF8C98072E8A9AC00047D71C /* Debug */ = {
			isa = XCBuildConfiguration;
			buildSettings = {
				ALWAYS_SEARCH_USER_PATHS = NO;
				ASSETCATALOG_COMPILER_GENERATE_SWIFT_ASSET_SYMBOL_EXTENSIONS = YES;
				CLANG_ANALYZER_NONNULL = YES;
				CLANG_ANALYZER_NUMBER_OBJECT_CONVERSION = YES_AGGRESSIVE;
				CLANG_CXX_LANGUAGE_STANDARD = "gnu++20";
				CLANG_ENABLE_MODULES = YES;
				CLANG_ENABLE_OBJC_ARC = YES;
				CLANG_ENABLE_OBJC_WEAK = YES;
				CLANG_WARN_BLOCK_CAPTURE_AUTORELEASING = YES;
				CLANG_WARN_BOOL_CONVERSION = YES;
				CLANG_WARN_COMMA = YES;
				CLANG_WARN_CONSTANT_CONVERSION = YES;
				CLANG_WARN_DEPRECATED_OBJC_IMPLEMENTATIONS = YES;
				CLANG_WARN_DIRECT_OBJC_ISA_USAGE = YES_ERROR;
				CLANG_WARN_DOCUMENTATION_COMMENTS = YES;
				CLANG_WARN_EMPTY_BODY = YES;
				CLANG_WARN_ENUM_CONVERSION = YES;
				CLANG_WARN_INFINITE_RECURSION = YES;
				CLANG_WARN_INT_CONVERSION = YES;
				CLANG_WARN_NON_LITERAL_NULL_CONVERSION = YES;
				CLANG_WARN_OBJC_IMPLICIT_RETAIN_SELF = YES;
				CLANG_WARN_OBJC_LITERAL_CONVERSION = YES;
				CLANG_WARN_OBJC_ROOT_CLASS = YES_ERROR;
				CLANG_WARN_QUOTED_INCLUDE_IN_FRAMEWORK_HEADER = YES;
				CLANG_WARN_RANGE_LOOP_ANALYSIS = YES;
				CLANG_WARN_STRICT_PROTOTYPES = YES;
				CLANG_WARN_SUSPICIOUS_MOVE = YES;
				CLANG_WARN_UNGUARDED_AVAILABILITY = YES_AGGRESSIVE;
				CLANG_WARN_UNREACHABLE_CODE = YES;
				CLANG_WARN__DUPLICATE_METHOD_MATCH = YES;
				COPY_PHASE_STRIP = NO;
				DEBUG_INFORMATION_FORMAT = dwarf;
				ENABLE_STRICT_OBJC_MSGSEND = YES;
				ENABLE_TESTABILITY = YES;
				ENABLE_USER_SCRIPT_SANDBOXING = YES;
				GCC_C_LANGUAGE_STANDARD = gnu17;
				GCC_DYNAMIC_NO_PIC = NO;
				GCC_NO_COMMON_BLOCKS = YES;
				GCC_OPTIMIZATION_LEVEL = 0;
				GCC_PREPROCESSOR_DEFINITIONS = (
					"DEBUG=1",
					"$(inherited)",
				);
				GCC_WARN_64_TO_32_BIT_CONVERSION = YES;
				GCC_WARN_ABOUT_RETURN_TYPE = YES_ERROR;
				GCC_WARN_UNDECLARED_SELECTOR = YES;
				GCC_WARN_UNINITIALIZED_AUTOS = YES_AGGRESSIVE;
				GCC_WARN_UNUSED_FUNCTION = YES;
				GCC_WARN_UNUSED_VARIABLE = YES;
				IPHONEOS_DEPLOYMENT_TARGET = 18.5;
				LOCALIZATION_PREFERS_STRING_CATALOGS = YES;
				MTL_ENABLE_DEBUG_INFO = INCLUDE_SOURCE;
				MTL_FAST_MATH = YES;
				ONLY_ACTIVE_ARCH = YES;
				SDKROOT = iphoneos;
				SWIFT_ACTIVE_COMPILATION_CONDITIONS = "DEBUG $(inherited)";
				SWIFT_OPTIMIZATION_LEVEL = "-Onone";
			};
			name = Debug;
		};
		EF8C98082E8A9AC00047D71C /* Release */ = {
			isa = XCBuildConfiguration;
			buildSettings = {
				ALWAYS_SEARCH_USER_PATHS = NO;
				ASSETCATALOG_COMPILER_GENERATE_SWIFT_ASSET_SYMBOL_EXTENSIONS = YES;
				CLANG_ANALYZER_NONNULL = YES;
				CLANG_ANALYZER_NUMBER_OBJECT_CONVERSION = YES_AGGRESSIVE;
				CLANG_CXX_LANGUAGE_STANDARD = "gnu++20";
				CLANG_ENABLE_MODULES = YES;
				CLANG_ENABLE_OBJC_ARC = YES;
				CLANG_ENABLE_OBJC_WEAK = YES;
				CLANG_WARN_BLOCK_CAPTURE_AUTORELEASING = YES;
				CLANG_WARN_BOOL_CONVERSION = YES;
				CLANG_WARN_COMMA = YES;
				CLANG_WARN_CONSTANT_CONVERSION = YES;
				CLANG_WARN_DEPRECATED_OBJC_IMPLEMENTATIONS = YES;
				CLANG_WARN_DIRECT_OBJC_ISA_USAGE = YES_ERROR;
				CLANG_WARN_DOCUMENTATION_COMMENTS = YES;
				CLANG_WARN_EMPTY_BODY = YES;
				CLANG_WARN_ENUM_CONVERSION = YES;
				CLANG_WARN_INFINITE_RECURSION = YES;
				CLANG_WARN_INT_CONVERSION = YES;
				CLANG_WARN_NON_LITERAL_NULL_CONVERSION = YES;
				CLANG_WARN_OBJC_IMPLICIT_RETAIN_SELF = YES;
				CLANG_WARN_OBJC_LITERAL_CONVERSION = YES;
				CLANG_WARN_OBJC_ROOT_CLASS = YES_ERROR;
				CLANG_WARN_QUOTED_INCLUDE_IN_FRAMEWORK_HEADER = YES;
				CLANG_WARN_RANGE_LOOP_ANALYSIS = YES;
				CLANG_WARN_STRICT_PROTOTYPES = YES;
				CLANG_WARN_SUSPICIOUS_MOVE = YES;
				CLANG_WARN_UNGUARDED_AVAILABILITY = YES_AGGRESSIVE;
				CLANG_WARN_UNREACHABLE_CODE = YES;
				CLANG_WARN__DUPLICATE_METHOD_MATCH = YES;
				COPY_PHASE_STRIP = NO;
				DEBUG_INFORMATION_FORMAT = "dwarf-with-dsym";
				ENABLE_NS_ASSERTIONS = NO;
				ENABLE_STRICT_OBJC_MSGSEND = YES;
				ENABLE_USER_SCRIPT_SANDBOXING = YES;
				GCC_C_LANGUAGE_STANDARD = gnu17;
				GCC_NO_COMMON_BLOCKS = YES;
				GCC_WARN_64_TO_32_BIT_CONVERSION = YES;
				GCC_WARN_ABOUT_RETURN_TYPE = YES_ERROR;
				GCC_WARN_UNDECLARED_SELECTOR = YES;
				GCC_WARN_UNINITIALIZED_AUTOS = YES_AGGRESSIVE;
				GCC_WARN_UNUSED_FUNCTION = YES;
				GCC_WARN_UNUSED_VARIABLE = YES;
				IPHONEOS_DEPLOYMENT_TARGET = 18.5;
				LOCALIZATION_PREFERS_STRING_CATALOGS = YES;
				MTL_ENABLE_DEBUG_INFO = NO;
				MTL_FAST_MATH = YES;
				SDKROOT = iphoneos;
				SWIFT_COMPILATION_MODE = wholemodule;
				VALIDATE_PRODUCT = YES;
			};
			name = Release;
		};
		EF8C980A2E8A9AC00047D71C /* Debug */ = {
			isa = XCBuildConfiguration;
			buildSettings = {
				ASSETCATALOG_COMPILER_APPICON_NAME = AppIcon;
				ASSETCATALOG_COMPILER_GLOBAL_ACCENT_COLOR_NAME = AccentColor;
				CODE_SIGN_STYLE = Automatic;
				CURRENT_PROJECT_VERSION = 1;
				ENABLE_PREVIEWS = YES;
				GENERATE_INFOPLIST_FILE = YES;
				INFOPLIST_KEY_UIApplicationSceneManifest_Generation = YES;
				INFOPLIST_KEY_UIApplicationSupportsIndirectInputEvents = YES;
				INFOPLIST_KEY_UILaunchScreen_Generation = YES;
				INFOPLIST_KEY_UISupportedInterfaceOrientations_iPad = "UIInterfaceOrientationPortrait UIInterfaceOrientationPortraitUpsideDown UIInterfaceOrientationLandscapeLeft UIInterfaceOrientationLandscapeRight";
				INFOPLIST_KEY_UISupportedInterfaceOrientations_iPhone = "UIInterfaceOrientationPortrait UIInterfaceOrientationLandscapeLeft UIInterfaceOrientationLandscapeRight";
				LD_RUNPATH_SEARCH_PATHS = (
					"$(inherited)",
					"@executable_path/Frameworks",
				);
				MARKETING_VERSION = 1.0;
				PRODUCT_BUNDLE_IDENTIFIER = "com.tytarenko.checkers-with-ai";
				PRODUCT_NAME = "$(TARGET_NAME)";
				SWIFT_EMIT_LOC_STRINGS = YES;
				SWIFT_VERSION = 5.0;
				TARGETED_DEVICE_FAMILY = "1,2";
			};
			name = Debug;
		};
		EF8C980B2E8A9AC00047D71C /* Release */ = {
			isa = XCBuildConfiguration;
			buildSettings = {
				ASSETCATALOG_COMPILER_APPICON_NAME = AppIcon;
				ASSETCATALOG_COMPILER_GLOBAL_ACCENT_COLOR_NAME = AccentColor;
				CODE_SIGN_STYLE = Automatic;
				CURRENT_PROJECT_VERSION = 1;
				ENABLE_PREVIEWS = YES;
				GENERATE_INFOPLIST_FILE = YES;
				INFOPLIST_KEY_UIApplicationSceneManifest_Generation = YES;
				INFOPLIST_KEY_UIApplicationSupportsIndirectInputEvents = YES;
				INFOPLIST_KEY_UILaunchScreen_Generation = YES;
				INFOPLIST_KEY_UISupportedInterfaceOrientations_iPad = "UIInterfaceOrientationPortrait UIInterfaceOrientationPortraitUpsideDown UIInterfaceOrientationLandscapeLeft UIInterfaceOrientationLandscapeRight";
				INFOPLIST_KEY_UISupportedInterfaceOrientations_iPhone = "UIInterfaceOrientationPortrait UIInterfaceOrientationLandscapeLeft UIInterfaceOrientationLandscapeRight";
				LD_RUNPATH_SEARCH_PATHS = (
					"$(inherited)",
					"@executable_path/Frameworks",
				);
				MARKETING_VERSION = 1.0;
				PRODUCT_BUNDLE_IDENTIFIER = "com.tytarenko.checkers-with-ai";
				PRODUCT_NAME = "$(TARGET_NAME)";
				SWIFT_EMIT_LOC_STRINGS = YES;
				SWIFT_VERSION = 5.0;
				TARGETED_DEVICE_FAMILY = "1,2";
			};
			name = Release;
		};
		EF8C980D2E8A9AC00047D71C /* Debug */ = {
			isa = XCBuildConfiguration;
			buildSettings = {
				BUNDLE_LOADER = "$(TEST_HOST)";
				CODE_SIGN_STYLE = Automatic;
				CURRENT_PROJECT_VERSION = 1;
				GENERATE_INFOPLIST_FILE = YES;
				IPHONEOS_DEPLOYMENT_TARGET = 18.5;
				MARKETING_VERSION = 1.0;
				PRODUCT_BUNDLE_IDENTIFIER = "com.tytarenko.checkers-with-aiTests";
				PRODUCT_NAME = "$(TARGET_NAME)";
				SWIFT_EMIT_LOC_STRINGS = NO;
				SWIFT_VERSION = 5.0;
				TARGETED_DEVICE_FAMILY = "1,2";
				TEST_HOST = "$(BUILT_PRODUCTS_DIR)/checkers-with-ai.app/$(BUNDLE_EXECUTABLE_FOLDER_PATH)/checkers-with-ai";
			};
			name = Debug;
		};
		EF8C980E2E8A9AC00047D71C /* Release */ = {
			isa = XCBuildConfiguration;
			buildSettings = {
				BUNDLE_LOADER = "$(TEST_HOST)";
				CODE_SIGN_STYLE = Automatic;
				CURRENT_PROJECT_VERSION = 1;
				GENERATE_INFOPLIST_FILE = YES;
				IPHONEOS_DEPLOYMENT_TARGET = 18.5;
				MARKETING_VERSION = 1.0;
				PRODUCT_BUNDLE_IDENTIFIER = "com.tytarenko.checkers-with-aiTests";
				PRODUCT_NAME = "$(TARGET_NAME)";
				SWIFT_EMIT_LOC_STRINGS = NO;
				SWIFT_VERSION = 5.0;
				TARGETED_DEVICE_FAMILY = "1,2";
				TEST_HOST = "$(BUILT_PRODUCTS_DIR)/checkers-with-ai.app/$(BUNDLE_EXECUTABLE_FOLDER_PATH)/checkers-with-ai";
			};
			name = Release;
		};
		EF8C98102E8A9AC00047D71C /* Debug */ = {
			isa = XCBuildConfiguration;
			buildSettings = {
				CODE_SIGN_STYLE = Automatic;
				CURRENT_PROJECT_VERSION = 1;
				GENERATE_INFOPLIST_FILE = YES;
				MARKETING_VERSION = 1.0;
				PRODUCT_BUNDLE_IDENTIFIER = "com.tytarenko.checkers-with-aiUITests";
				PRODUCT_NAME = "$(TARGET_NAME)";
				SWIFT_EMIT_LOC_STRINGS = NO;
				SWIFT_VERSION = 5.0;
				TARGETED_DEVICE_FAMILY = "1,2";
				TEST_TARGET_NAME = "checkers-with-ai";
			};
			name = Debug;
		};
		EF8C98112E8A9AC00047D71C /* Release */ = {
			isa = XCBuildConfiguration;
			buildSettings = {
				CODE_SIGN_STYLE = Automatic;
				CURRENT_PROJECT_VERSION = 1;
				GENERATE_INFOPLIST_FILE = YES;
				MARKETING_VERSION = 1.0;
				PRODUCT_BUNDLE_IDENTIFIER = "com.tytarenko.checkers-with-aiUITests";
				PRODUCT_NAME = "$(TARGET_NAME)";
				SWIFT_EMIT_LOC_STRINGS = NO;
				SWIFT_VERSION = 5.0;
				TARGETED_DEVICE_FAMILY = "1,2";
				TEST_TARGET_NAME = "checkers-with-ai";
			};
			name = Release;
		};
/* End XCBuildConfiguration section */

/* Begin XCConfigurationList section */
		EF8C97E32E8A9ABD0047D71C /* Build configuration list for PBXProject "checkers-with-ai" */ = {
			isa = XCConfigurationList;
			buildConfigurations = (
				EF8C98072E8A9AC00047D71C /* Debug */,
				EF8C98082E8A9AC00047D71C /* Release */,
			);
			defaultConfigurationIsVisible = 0;
			defaultConfigurationName = Release;
		};
		EF8C98092E8A9AC00047D71C /* Build configuration list for PBXNativeTarget "checkers-with-ai" */ = {
			isa = XCConfigurationList;
			buildConfigurations = (
				EF8C980A2E8A9AC00047D71C /* Debug */,
				EF8C980B2E8A9AC00047D71C /* Release */,
			);
			defaultConfigurationIsVisible = 0;
			defaultConfigurationName = Release;
		};
		EF8C980C2E8A9AC00047D71C /* Build configuration list for PBXNativeTarget "checkers-with-aiTests" */ = {
			isa = XCConfigurationList;
			buildConfigurations = (
				EF8C980D2E8A9AC00047D71C /* Debug */,
				EF8C980E2E8A9AC00047D71C /* Release */,
			);
			defaultConfigurationIsVisible = 0;
			defaultConfigurationName = Release;
		};
		EF8C980F2E8A9AC00047D71C /* Build configuration list for PBXNativeTarget "checkers-with-aiUITests" */ = {
			isa = XCConfigurationList;
			buildConfigurations = (
				EF8C98102E8A9AC00047D71C /* Debug */,
				EF8C98112E8A9AC00047D71C /* Release */,
			);
			defaultConfigurationIsVisible = 0;
			defaultConfigurationName = Release;
		};
/* End XCConfigurationList section */
	};
	rootObject = EF8C97E02E8A9ABD0047D71C /* Project object */;
}
